{
  "name": "@aurelia/i18n",
  "version": "0.3.0",
  "lockfileVersion": 1,
  "requires": true,
  "dependencies": {
    "@aurelia/kernel": {
      "version": "0.3.0"
    },
    "@aurelia/runtime": {
      "version": "0.3.0",
      "requires": {
        "@aurelia/kernel": "0.3.0"
      }
    },
    "@aurelia/runtime-html": {
      "version": "0.3.0",
      "requires": {
        "@aurelia/kernel": "0.3.0",
        "@aurelia/runtime": "0.3.0"
      }
    },
    "@babel/runtime": {
      "version": "7.5.4",
      "resolved": "https://registry.npmjs.org/@babel/runtime/-/runtime-7.5.4.tgz",
      "integrity": "sha512-Na84uwyImZZc3FKf4aUF1tysApzwf3p2yuFBIyBfbzT5glzKTdvYI4KVW4kcgjrzoGUjC7w3YyCHcJKaRxsr2Q==",
      "requires": {
        "regenerator-runtime": "^0.13.2"
      }
    },
    "i18next": {
      "version": "17.0.6",
      "resolved": "https://registry.npmjs.org/i18next/-/i18next-17.0.6.tgz",
      "integrity": "sha512-bdNhzhcM6RG5m82RypVguCrAQNie/ycxW0Q5C6K9UDWD5hqApZfdJFbj4Ikz9jxIR+Ja1eg0yCQLhlCT+opwIg==",
      "requires": {
        "@babel/runtime": "^7.3.1"
      }
    },
    "regenerator-runtime": {
      "version": "0.13.2",
      "resolved": "https://registry.npmjs.org/regenerator-runtime/-/regenerator-runtime-0.13.2.tgz",
      "integrity": "sha512-S/TQAZJO+D3m9xeN1WTI8dLKBBiRgXBlTJvbWjCThHWZj9EvHK70Ff50/tYj2J/fvBY6JtFVwRuazHN2E7M9BA=="
    }
  }
}
